
Microsoft Visual Studio Solution File, Format Version 12.00
# Visual Studio Version 17
VisualStudioVersion = 17.14.36221.1 d17.14
MinimumVisualStudioVersion = 10.0.40219.1
Project("{FAE04EC0-301F-11D3-BF4B-00C04F79EFBC}") = "Project", "Project.csproj", "{9BDB6726-AA9C-4975-94CF-24B7AFF194E1}"
EndProject
Global
	GlobalSection(SolutionConfigurationPlatforms) = preSolution
		Debug|Any CPU = Debug|Any CPU
		Release|Any CPU = Release|Any CPU
	EndGlobalSection
	GlobalSection(ProjectConfigurationPlatforms) = postSolution
		{9BDB6726-AA9C-4975-94CF-24B7AFF194E1}.Debug|Any CPU.ActiveCfg = Debug|Any CPU
		{9BDB6726-AA9C-4975-94CF-24B7AFF194E1}.Debug|Any CPU.Build.0 = Debug|Any CPU
		{9BDB6726-AA9C-4975-94CF-24B7AFF194E1}.Release|Any CPU.ActiveCfg = Release|Any CPU
		{9BDB6726-AA9C-4975-94CF-24B7AFF194E1}.Release|Any CPU.Build.0 = Release|Any CPU
	EndGlobalSection
	GlobalSection(SolutionProperties) = preSolution
		HideSolutionNode = FALSE
	EndGlobalSection
	GlobalSection(ExtensibilityGlobals) = postSolution
		SolutionGuid = {C4C31EBE-C926-48AF-A2E9-4A6440D1AB20}
	EndGlobalSection
EndGlobal
